
Microsoft Visual Studio Solution File, Format Version 12.00
# Visual Studio Version 16
VisualStudioVersion = 16.0.29509.3
MinimumVisualStudioVersion = 10.0.40219.1
Project("{9A19103F-16F7-4668-BE54-9A1E7A4F7556}") = "CdsWeb", "CdsWeb\CdsWeb.csproj", "{F7591A56-5AC0-4491-B46B-D0AD8CACF87D}"
EndProject
Project("{FAE04EC0-301F-11D3-BF4B-00C04F79EFBC}") = "CdsWeb.Identity", "CdsWeb.Identity\CdsWeb.Identity.csproj", "{A016F54D-BC3E-4C71-8200-0C40D11164FE}"
EndProject
Global
	GlobalSection(SolutionConfigurationPlatforms) = preSolution
		Debug|Any CPU = Debug|Any CPU
		Release|Any CPU = Release|Any CPU
	EndGlobalSection
	GlobalSection(ProjectConfigurationPlatforms) = postSolution
		{F7591A56-5AC0-4491-B46B-D0AD8CACF87D}.Debug|Any CPU.ActiveCfg = Debug|Any CPU
		{F7591A56-5AC0-4491-B46B-D0AD8CACF87D}.Debug|Any CPU.Build.0 = Debug|Any CPU
		{F7591A56-5AC0-4491-B46B-D0AD8CACF87D}.Release|Any CPU.ActiveCfg = Release|Any CPU
		{F7591A56-5AC0-4491-B46B-D0AD8CACF87D}.Release|Any CPU.Build.0 = Release|Any CPU
		{A016F54D-BC3E-4C71-8200-0C40D11164FE}.Debug|Any CPU.ActiveCfg = Debug|Any CPU
		{A016F54D-BC3E-4C71-8200-0C40D11164FE}.Debug|Any CPU.Build.0 = Debug|Any CPU
		{A016F54D-BC3E-4C71-8200-0C40D11164FE}.Release|Any CPU.ActiveCfg = Release|Any CPU
		{A016F54D-BC3E-4C71-8200-0C40D11164FE}.Release|Any CPU.Build.0 = Release|Any CPU
	EndGlobalSection
	GlobalSection(SolutionProperties) = preSolution
		HideSolutionNode = FALSE
	EndGlobalSection
	GlobalSection(ExtensibilityGlobals) = postSolution
		SolutionGuid = {C105D0B4-E10D-4FB4-8F2C-5C229925BB60}
	EndGlobalSection
EndGlobal
